{
  "name": "ts_pw",
  "version": "0.1.0",
  "lockfileVersion": 3,
  "requires": true,
  "packages": {
    "": {
      "name": "ts_pw",
      "version": "0.1.0",
      "devDependencies": {
        "@estruyf/github-actions-reporter": "^1.10.0",
        "@playwright/test": "^1.57.0",
        "@types/node": "^20.0.0",
        "typescript": "^5.9.3"
      }
    },
    "node_modules/@actions/core": {
      "version": "1.11.1",
      "resolved": "https://registry.npmjs.org/@actions/core/-/core-1.11.1.tgz",
      "integrity": "sha512-hXJCSrkwfA46Vd9Z3q4cpEpHB1rL5NG04+/rbqW9d3+CSvtB1tYe8UTpAlixa1vj0m/ULglfEK2UKxMGxCxv5A==",
      "dev": true,
      "license": "MIT",
      "dependencies": {
        "@actions/exec": "^1.1.1",
        "@actions/http-client": "^2.0.1"
      }
    },
    "node_modules/@actions/exec": {
      "version": "1.1.1",
      "resolved": "https://registry.npmjs.org/@actions/exec/-/exec-1.1.1.tgz",
      "integrity": "sha512-+sCcHHbVdk93a0XT19ECtO/gIXoxvdsgQLzb2fE2/5sIZmWQuluYyjPQtrtTHdU1YzTZ7bAPN4sITq2xi1679w==",
      "dev": true,
      "license": "MIT",
      "dependencies": {
        "@actions/io": "^1.0.1"
      }
    },
    "node_modules/@actions/http-client": {
      "version": "2.2.3",
      "resolved": "https://registry.npmjs.org/@actions/http-client/-/http-client-2.2.3.tgz",
      "integrity": "sha512-mx8hyJi/hjFvbPokCg4uRd4ZX78t+YyRPtnKWwIl+RzNaVuFpQHfmlGVfsKEJN8LwTCvL+DfVgAM04XaHkm6bA==",
      "dev": true,
      "license": "MIT",
      "dependencies": {
        "tunnel": "^0.0.6",
        "undici": "^5.25.4"
      }
    },
    "node_modules/@actions/io": {
      "version": "1.1.3",
      "resolved": "https://registry.npmjs.org/@actions/io/-/io-1.1.3.tgz",
      "integrity": "sha512-wi9JjgKLYS7U/z8PPbco+PvTb/nRWjeoFlJ1Qer83k/3C5PHQi28hiVdeE2kHXmIL99mQFawx8qt/JPjZilJ8Q==",
      "dev": true,
      "license": "MIT"
    },
    "node_modules/@estruyf/github-actions-reporter": {
      "version": "1.10.0",
      "resolved": "https://registry.npmjs.org/@estruyf/github-actions-reporter/-/github-actions-reporter-1.10.0.tgz",
      "integrity": "sha512-u54QKI8TgUqkhNpOjyNh0hFktFSQhiQH1hs9o8jJ/FwCTlJeNCryzknzP9+B1R/jeg0cXY9QuwLcJNZCBc+Ajw==",
      "dev": true,
      "license": "MIT",
      "dependencies": {
        "@actions/core": "^1.10.0",
        "ansi-to-html": "^0.7.2",
        "marked": "^12.0.1"
      },
      "funding": {
        "type": "github",
        "url": "https://github.com/sponsors/estruyf"
      },
      "peerDependencies": {
        "@playwright/test": "^1.42.1"
      }
    },
    "node_modules/@fastify/busboy": {
      "version": "2.1.1",
      "resolved": "https://registry.npmjs.org/@fastify/busboy/-/busboy-2.1.1.tgz",
      "integrity": "sha512-vBZP4NlzfOlerQTnba4aqZoMhE/a9HY7HRqoOPaETQcSQuWEIyZMHGfVu6w9wGtGK5fED5qRs2DteVCjOH60sA==",
      "dev": true,
      "license": "MIT",
      "engines": {
        "node": ">=14"
      }
    },
    "node_modules/@playwright/test": {
      "version": "1.57.0",
      "resolved": "https://registry.npmjs.org/@playwright/test/-/test-1.57.0.tgz",
      "integrity": "sha512-6TyEnHgd6SArQO8UO2OMTxshln3QMWBtPGrOCgs3wVEmQmwyuNtB10IZMfmYDE0riwNR1cu4q+pPcxMVtaG3TA==",
      "dev": true,
      "license": "Apache-2.0",
      "peer": true,
      "dependencies": {
        "playwright": "1.57.0"
      },
      "bin": {
        "playwright": "cli.js"
      },
      "engines": {
        "node": ">=18"
      }
    },
    "node_modules/@types/node": {
      "version": "20.19.26",
      "resolved": "https://registry.npmjs.org/@types/node/-/node-20.19.26.tgz",
      "integrity": "sha512-0l6cjgF0XnihUpndDhk+nyD3exio3iKaYROSgvh/qSevPXax3L8p5DBRFjbvalnwatGgHEQn2R88y2fA3g4irg==",
      "dev": true,
      "license": "MIT",
      "dependencies": {
        "undici-types": "~6.21.0"
      }
    },
    "node_modules/ansi-to-html": {
      "version": "0.7.2",
      "resolved": "https://registry.npmjs.org/ansi-to-html/-/ansi-to-html-0.7.2.tgz",
      "integrity": "sha512-v6MqmEpNlxF+POuyhKkidusCHWWkaLcGRURzivcU3I9tv7k4JVhFcnukrM5Rlk2rUywdZuzYAZ+kbZqWCnfN3g==",
      "dev": true,
      "license": "MIT",
      "dependencies": {
        "entities": "^2.2.0"
      },
      "bin": {
        "ansi-to-html": "bin/ansi-to-html"
      },
      "engines": {
        "node": ">=8.0.0"
      }
    },
    "node_modules/entities": {
      "version": "2.2.0",
      "resolved": "https://registry.npmjs.org/entities/-/entities-2.2.0.tgz",
      "integrity": "sha512-p92if5Nz619I0w+akJrLZH0MX0Pb5DX39XOwQTtXSdQQOaYH03S1uIQp4mhOZtAXrxq4ViO67YTiLBo2638o9A==",
      "dev": true,
      "license": "BSD-2-Clause",
      "funding": {
        "url": "https://github.com/fb55/entities?sponsor=1"
      }
    },
    "node_modules/fsevents": {
      "version": "2.3.2",
      "resolved": "https://registry.npmjs.org/fsevents/-/fsevents-2.3.2.tgz",
      "integrity": "sha512-xiqMQR4xAeHTuB9uWm+fFRcIOgKBMiOBP+eXiyT7jsgVCq1bkVygt00oASowB7EdtpOHaaPgKt812P9ab+DDKA==",
      "dev": true,
      "hasInstallScript": true,
      "license": "MIT",
      "optional": true,
      "os": [
        "darwin"
      ],
      "engines": {
        "node": "^8.16.0 || ^10.6.0 || >=11.0.0"
      }
    },
    "node_modules/marked": {
      "version": "12.0.2",
      "resolved": "https://registry.npmjs.org/marked/-/marked-12.0.2.tgz",
      "integrity": "sha512-qXUm7e/YKFoqFPYPa3Ukg9xlI5cyAtGmyEIzMfW//m6kXwCy2Ps9DYf5ioijFKQ8qyuscrHoY04iJGctu2Kg0Q==",
      "dev": true,
      "license": "MIT",
      "bin": {
        "marked": "bin/marked.js"
      },
      "engines": {
        "node": ">= 18"
      }
    },
    "node_modules/playwright": {
      "version": "1.57.0",
      "resolved": "https://registry.npmjs.org/playwright/-/playwright-1.57.0.tgz",
      "integrity": "sha512-ilYQj1s8sr2ppEJ2YVadYBN0Mb3mdo9J0wQ+UuDhzYqURwSoW4n1Xs5vs7ORwgDGmyEh33tRMeS8KhdkMoLXQw==",
      "dev": true,
      "license": "Apache-2.0",
      "dependencies": {
        "playwright-core": "1.57.0"
      },
      "bin": {
        "playwright": "cli.js"
      },
      "engines": {
        "node": ">=18"
      },
      "optionalDependencies": {
        "fsevents": "2.3.2"
      }
    },
    "node_modules/playwright-core": {
      "version": "1.57.0",
      "resolved": "https://registry.npmjs.org/playwright-core/-/playwright-core-1.57.0.tgz",
      "integrity": "sha512-agTcKlMw/mjBWOnD6kFZttAAGHgi/Nw0CZ2o6JqWSbMlI219lAFLZZCyqByTsvVAJq5XA5H8cA6PrvBRpBWEuQ==",
      "dev": true,
      "license": "Apache-2.0",
      "bin": {
        "playwright-core": "cli.js"
      },
      "engines": {
        "node": ">=18"
      }
    },
    "node_modules/tunnel": {
      "version": "0.0.6",
      "resolved": "https://registry.npmjs.org/tunnel/-/tunnel-0.0.6.tgz",
      "integrity": "sha512-1h/Lnq9yajKY2PEbBadPXj3VxsDDu844OnaAo52UVmIzIvwwtBPIuNvkjuzBlTWpfJyUbG3ez0KSBibQkj4ojg==",
      "dev": true,
      "license": "MIT",
      "engines": {
        "node": ">=0.6.11 <=0.7.0 || >=0.7.3"
      }
    },
    "node_modules/typescript": {
      "version": "5.9.3",
      "resolved": "https://registry.npmjs.org/typescript/-/typescript-5.9.3.tgz",
      "integrity": "sha512-jl1vZzPDinLr9eUt3J/t7V6FgNEw9QjvBPdysz9KfQDD41fQrC2Y4vKQdiaUpFT4bXlb1RHhLpp8wtm6M5TgSw==",
      "dev": true,
      "license": "Apache-2.0",
      "bin": {
        "tsc": "bin/tsc",
        "tsserver": "bin/tsserver"
      },
      "engines": {
        "node": ">=14.17"
      }
    },
    "node_modules/undici": {
      "version": "5.29.0",
      "resolved": "https://registry.npmjs.org/undici/-/undici-5.29.0.tgz",
      "integrity": "sha512-raqeBD6NQK4SkWhQzeYKd1KmIG6dllBOTt55Rmkt4HtI9mwdWtJljnrXjAFUBLTSN67HWrOIZ3EPF4kjUw80Bg==",
      "dev": true,
      "license": "MIT",
      "dependencies": {
        "@fastify/busboy": "^2.0.0"
      },
      "engines": {
        "node": ">=14.0"
      }
    },
    "node_modules/undici-types": {
      "version": "6.21.0",
      "resolved": "https://registry.npmjs.org/undici-types/-/undici-types-6.21.0.tgz",
      "integrity": "sha512-iwDZqg0QAGrg9Rav5H4n0M64c3mkR59cJ6wQp+7C4nI0gsmExaedaYLNO44eT4AtBBwjbTiGPMlt2Md0T9H9JQ==",
      "dev": true,
      "license": "MIT"
    }
  }
}
